
Microsoft Visual Studio Solution File, Format Version 12.00
# Visual Studio Version 17
VisualStudioVersion = 17.14.36623.8
MinimumVisualStudioVersion = 10.0.40219.1
Project("{FAE04EC0-301F-11D3-BF4B-00C04F79EFBC}") = "WeatherApp", "WeatherApp.csproj", "{3EFF0DDA-E768-43E8-BC06-FFCE91FF9D1B}"
EndProject
Project("{FAE04EC0-301F-11D3-BF4B-00C04F79EFBC}") = "WeatherAppTests", "..\WeatherAppTests\WeatherAppTests.csproj", "{CBC3F333-218A-4583-9730-78B33AFF265B}"
EndProject
Global
	GlobalSection(SolutionConfigurationPlatforms) = preSolution
		Debug|Any CPU = Debug|Any CPU
		Release|Any CPU = Release|Any CPU
	EndGlobalSection
	GlobalSection(ProjectConfigurationPlatforms) = postSolution
		{3EFF0DDA-E768-43E8-BC06-FFCE91FF9D1B}.Debug|Any CPU.ActiveCfg = Debug|Any CPU
		{3EFF0DDA-E768-43E8-BC06-FFCE91FF9D1B}.Debug|Any CPU.Build.0 = Debug|Any CPU
		{3EFF0DDA-E768-43E8-BC06-FFCE91FF9D1B}.Release|Any CPU.ActiveCfg = Release|Any CPU
		{3EFF0DDA-E768-43E8-BC06-FFCE91FF9D1B}.Release|Any CPU.Build.0 = Release|Any CPU
		{CBC3F333-218A-4583-9730-78B33AFF265B}.Debug|Any CPU.ActiveCfg = Debug|Any CPU
		{CBC3F333-218A-4583-9730-78B33AFF265B}.Debug|Any CPU.Build.0 = Debug|Any CPU
		{CBC3F333-218A-4583-9730-78B33AFF265B}.Release|Any CPU.ActiveCfg = Release|Any CPU
		{CBC3F333-218A-4583-9730-78B33AFF265B}.Release|Any CPU.Build.0 = Release|Any CPU
	EndGlobalSection
	GlobalSection(SolutionProperties) = preSolution
		HideSolutionNode = FALSE
	EndGlobalSection
	GlobalSection(ExtensibilityGlobals) = postSolution
		SolutionGuid = {920FEBB1-7614-4F9C-93CC-315D8BF74EEE}
	EndGlobalSection
EndGlobal
